
Microsoft Visual Studio Solution File, Format Version 12.00
# Visual Studio Version 17
VisualStudioVersion = 17.5.33516.290
MinimumVisualStudioVersion = 10.0.40219.1
Project("{FAE04EC0-301F-11D3-BF4B-00C04F79EFBC}") = "AGDATAApi", "AGDATAApi\AGDATAApi.csproj", "{B43AB08E-D973-48C5-96F7-1C0F00818847}"
EndProject
Project("{FAE04EC0-301F-11D3-BF4B-00C04F79EFBC}") = "AGDATAApi_NUnitTest", "AGDATAApi_NUnitTest\AGDATAApi_NUnitTest.csproj", "{034CCCD0-1497-479A-9054-07B49CE8D1B7}"
EndProject
Global
	GlobalSection(SolutionConfigurationPlatforms) = preSolution
		Debug|Any CPU = Debug|Any CPU
		Release|Any CPU = Release|Any CPU
	EndGlobalSection
	GlobalSection(ProjectConfigurationPlatforms) = postSolution
		{B43AB08E-D973-48C5-96F7-1C0F00818847}.Debug|Any CPU.ActiveCfg = Debug|Any CPU
		{B43AB08E-D973-48C5-96F7-1C0F00818847}.Debug|Any CPU.Build.0 = Debug|Any CPU
		{B43AB08E-D973-48C5-96F7-1C0F00818847}.Release|Any CPU.ActiveCfg = Release|Any CPU
		{B43AB08E-D973-48C5-96F7-1C0F00818847}.Release|Any CPU.Build.0 = Release|Any CPU
		{034CCCD0-1497-479A-9054-07B49CE8D1B7}.Debug|Any CPU.ActiveCfg = Debug|Any CPU
		{034CCCD0-1497-479A-9054-07B49CE8D1B7}.Debug|Any CPU.Build.0 = Debug|Any CPU
		{034CCCD0-1497-479A-9054-07B49CE8D1B7}.Release|Any CPU.ActiveCfg = Release|Any CPU
		{034CCCD0-1497-479A-9054-07B49CE8D1B7}.Release|Any CPU.Build.0 = Release|Any CPU
	EndGlobalSection
	GlobalSection(SolutionProperties) = preSolution
		HideSolutionNode = FALSE
	EndGlobalSection
	GlobalSection(ExtensibilityGlobals) = postSolution
		SolutionGuid = {C397635A-171A-4D7E-8DF5-06EF0EBC454F}
	EndGlobalSection
EndGlobal
